{
  "nodes": {
    "nixpkgs": {
      "locked": {
        "lastModified": 1748037238,
        "narHash": "sha256-pqDf6VK61+zu3k8sU29/u+A2mCks16ElQNJEruUYLcg=",
        "owner": "nixos",
        "repo": "nixpkgs",
        "rev": "360639ea719e5bcfe99a59b9be6eb44792f17153",
        "type": "github"
      },
      "original": {
        "owner": "nixos",
        "ref": "release-25.05",
        "repo": "nixpkgs",
        "type": "github"
      }
    },
    "root": {
      "inputs": {
        "nixpkgs": "nixpkgs"
      }
    }
  },
  "root": "root",
  "version": 7
}
