{
  "nodes": {
    "nixpkgs": {
      "locked": {
        "lastModified": 1766550572,
        "narHash": "sha256-QXsJFVpIrC/2cAUXrqgr5DzwEHC3hh/ah191Edw0V0Q=",
        "owner": "nixos",
        "repo": "nixpkgs",
        "rev": "07f1e73368e1cae9de9a2fb24c69a73e9405d1a8",
        "type": "github"
      },
      "original": {
        "owner": "nixos",
        "ref": "release-25.11",
        "repo": "nixpkgs",
        "type": "github"
      }
    },
    "root": {
      "inputs": {
        "nixpkgs": "nixpkgs"
      }
    }
  },
  "root": "root",
  "version": 7
}
